
Microsoft Visual Studio Solution File, Format Version 12.00
# Visual Studio Version 17
VisualStudioVersion = 17.5.33627.172
MinimumVisualStudioVersion = 10.0.40219.1
Project("{8BC9CEB8-8B4A-11D0-8D11-00A0C91BC942}") = "membrane_vibration", "membrane_vibration\membrane_vibration.vcxproj", "{D52A3815-D6BE-43D2-A729-CE421AD2945E}"
EndProject
Global
	GlobalSection(SolutionConfigurationPlatforms) = preSolution
		Debug|x64 = Debug|x64
		Debug|x86 = Debug|x86
		Release|x64 = Release|x64
		Release|x86 = Release|x86
	EndGlobalSection
	GlobalSection(ProjectConfigurationPlatforms) = postSolution
		{D52A3815-D6BE-43D2-A729-CE421AD2945E}.Debug|x64.ActiveCfg = Debug|x64
		{D52A3815-D6BE-43D2-A729-CE421AD2945E}.Debug|x64.Build.0 = Debug|x64
		{D52A3815-D6BE-43D2-A729-CE421AD2945E}.Debug|x86.ActiveCfg = Debug|Win32
		{D52A3815-D6BE-43D2-A729-CE421AD2945E}.Debug|x86.Build.0 = Debug|Win32
		{D52A3815-D6BE-43D2-A729-CE421AD2945E}.Release|x64.ActiveCfg = Release|x64
		{D52A3815-D6BE-43D2-A729-CE421AD2945E}.Release|x64.Build.0 = Release|x64
		{D52A3815-D6BE-43D2-A729-CE421AD2945E}.Release|x86.ActiveCfg = Release|Win32
		{D52A3815-D6BE-43D2-A729-CE421AD2945E}.Release|x86.Build.0 = Release|Win32
	EndGlobalSection
	GlobalSection(SolutionProperties) = preSolution
		HideSolutionNode = FALSE
	EndGlobalSection
	GlobalSection(ExtensibilityGlobals) = postSolution
		SolutionGuid = {9BEE6E0B-99DE-467B-B8D6-8F5E933EDC31}
	EndGlobalSection
EndGlobal
